
Microsoft Visual Studio Solution File, Format Version 12.00
# Visual Studio 15
VisualStudioVersion = 15.0.27428.2015
MinimumVisualStudioVersion = 10.0.40219.1
Project("{FAE04EC0-301F-11D3-BF4B-00C04F79EFBC}") = "dew.site", "dew.site\dew.site.csproj", "{53094AA5-2B73-41E3-BBD2-4A44941B4C44}"
EndProject
Global
	GlobalSection(SolutionConfigurationPlatforms) = preSolution
		Debug|Any CPU = Debug|Any CPU
		Release|Any CPU = Release|Any CPU
	EndGlobalSection
	GlobalSection(ProjectConfigurationPlatforms) = postSolution
		{53094AA5-2B73-41E3-BBD2-4A44941B4C44}.Debug|Any CPU.ActiveCfg = Debug|Any CPU
		{53094AA5-2B73-41E3-BBD2-4A44941B4C44}.Debug|Any CPU.Build.0 = Debug|Any CPU
		{53094AA5-2B73-41E3-BBD2-4A44941B4C44}.Release|Any CPU.ActiveCfg = Release|Any CPU
		{53094AA5-2B73-41E3-BBD2-4A44941B4C44}.Release|Any CPU.Build.0 = Release|Any CPU
	EndGlobalSection
	GlobalSection(SolutionProperties) = preSolution
		HideSolutionNode = FALSE
	EndGlobalSection
	GlobalSection(ExtensibilityGlobals) = postSolution
		SolutionGuid = {93263868-E23B-4555-B126-87C0D8A22114}
	EndGlobalSection
EndGlobal
